{
  "name": "tester",
  "version": "1.0.0",
  "lockfileVersion": 2,
  "requires": true,
  "packages": {
    "": {
      "name": "tester",
      "version": "1.0.0",
      "license": "ISC",
      "dependencies": {
        "normalize-text": "^2.4.0"
      }
    },
    "node_modules/@bitty/pipe": {
      "version": "0.3.0",
      "resolved": "https://registry.npmjs.org/@bitty/pipe/-/pipe-0.3.0.tgz",
      "integrity": "sha512-Ft4tmMM8vfuQOD3jpmvCYPEXoLhWLXWh/Mkeql09d3+9FFMaQBdFdo8GBmhQ01z+D6P3NkqNq02rbb4oBkhjLw=="
    },
    "node_modules/normalize-text": {
      "version": "2.4.0",
      "resolved": "https://registry.npmjs.org/normalize-text/-/normalize-text-2.4.0.tgz",
      "integrity": "sha512-PrCsIXDdNAeVmqbLWOx/J1g3OnyhKNbnWc5ABKO+2yHv7XisjtSzuFpYb95d4lwb5VV05HwIusWiXFho5shz/Q==",
      "dependencies": {
        "@bitty/pipe": "^0.3.0"
      }
    }
  },
  "dependencies": {
    "@bitty/pipe": {
      "version": "0.3.0",
      "resolved": "https://registry.npmjs.org/@bitty/pipe/-/pipe-0.3.0.tgz",
      "integrity": "sha512-Ft4tmMM8vfuQOD3jpmvCYPEXoLhWLXWh/Mkeql09d3+9FFMaQBdFdo8GBmhQ01z+D6P3NkqNq02rbb4oBkhjLw=="
    },
    "normalize-text": {
      "version": "2.4.0",
      "resolved": "https://registry.npmjs.org/normalize-text/-/normalize-text-2.4.0.tgz",
      "integrity": "sha512-PrCsIXDdNAeVmqbLWOx/J1g3OnyhKNbnWc5ABKO+2yHv7XisjtSzuFpYb95d4lwb5VV05HwIusWiXFho5shz/Q==",
      "requires": {
        "@bitty/pipe": "^0.3.0"
      }
    }
  }
}
